<?xml version="1.0" encoding="utf-8"?>
<Project ToolsVersion="4.0" xmlns="http://schemas.microsoft.com/developer/msbuild/2003">
  <ItemGroup>
    <Filter Include="Source Files">
      <UniqueIdentifier>{4FC737F1-C7A5-4376-A066-2A32D752A2FF}</UniqueIdentifier>
      <Extensions>cpp;c;cc;cxx;c++;cppm;ixx;def;odl;idl;hpj;bat;asm;asmx</Extensions>
    </Filter>
    <Filter Include="Header Files">
      <UniqueIdentifier>{93995380-89BD-4b04-88EB-625FBE52EBFB}</UniqueIdentifier>
      <Extensions>h;hh;hpp;hxx;h++;hm;inl;inc;ipp;xsd</Extensions>
    </Filter>
    <Filter Include="Resource Files">
      <UniqueIdentifier>{67DA6AB6-F800-4c08-8B7A-83BB121AAD01}</UniqueIdentifier>
      <Extensions>rc;ico;cur;bmp;dlg;rc2;rct;bin;rgs;gif;jpg;jpeg;jpe;resx;tiff;tif;png;wav;mfcribbon-ms</Extensions>
    </Filter>
  </ItemGroup>
  <ItemGroup>
    <ClCompile Include="libxlsxwriter\src\app.c">
      <Filter>Source Files</Filter>
    </ClCompile>
    <ClCompile Include="libxlsxwriter\src\chart.c">
      <Filter>Source Files</Filter>
    </ClCompile>
    <ClCompile Include="libxlsxwriter\src\chartsheet.c">
      <Filter>Source Files</Filter>
    </ClCompile>
    <ClCompile Include="libxlsxwriter\src\comment.c">
      <Filter>Source Files</Filter>
    </ClCompile>
    <ClCompile Include="libxlsxwriter\src\content_types.c">
      <Filter>Source Files</Filter>
    </ClCompile>
    <ClCompile Include="libxlsxwriter\src\core.c">
      <Filter>Source Files</Filter>
    </ClCompile>
    <ClCompile Include="libxlsxwriter\src\custom.c">
      <Filter>Source Files</Filter>
    </ClCompile>
    <ClCompile Include="libxlsxwriter\src\drawing.c">
      <Filter>Source Files</Filter>
    </ClCompile>
    <ClCompile Include="libxlsxwriter\src\format.c">
      <Filter>Source Files</Filter>
    </ClCompile>
    <ClCompile Include="libxlsxwriter\src\hash_table.c">
      <Filter>Source Files</Filter>
    </ClCompile>
    <ClCompile Include="libxlsxwriter\src\metadata.c">
      <Filter>Source Files</Filter>
    </ClCompile>
    <ClCompile Include="libxlsxwriter\src\packager.c">
      <Filter>Source Files</Filter>
    </ClCompile>
    <ClCompile Include="libxlsxwriter\src\relationships.c">
      <Filter>Source Files</Filter>
    </ClCompile>
    <ClCompile Include="libxlsxwriter\src\shared_strings.c">
      <Filter>Source Files</Filter>
    </ClCompile>
    <ClCompile Include="libxlsxwriter\src\styles.c">
      <Filter>Source Files</Filter>
    </ClCompile>
    <ClCompile Include="libxlsxwriter\src\table.c">
      <Filter>Source Files</Filter>
    </ClCompile>
    <ClCompile Include="libxlsxwriter\src\theme.c">
      <Filter>Source Files</Filter>
    </ClCompile>
    <ClCompile Include="libxlsxwriter\src\utility.c">
      <Filter>Source Files</Filter>
    </ClCompile>
    <ClCompile Include="libxlsxwriter\src\vml.c">
      <Filter>Source Files</Filter>
    </ClCompile>
    <ClCompile Include="libxlsxwriter\src\workbook.c">
      <Filter>Source Files</Filter>
    </ClCompile>
    <ClCompile Include="libxlsxwriter\src\worksheet.c">
      <Filter>Source Files</Filter>
    </ClCompile>
    <ClCompile Include="libxlsxwriter\src\xmlwriter.c">
      <Filter>Source Files</Filter>
    </ClCompile>
  </ItemGroup>
  <ItemGroup>
    <ClInclude Include="libxlsxwriter\include\xlsxwriter.h">
      <Filter>Header Files</Filter>
    </ClInclude>
    <ClInclude Include="libxlsxwriter\include\xlsxwriter\app.h">
      <Filter>Header Files</Filter>
    </ClInclude>
    <ClInclude Include="libxlsxwriter\include\xlsxwriter\chart.h">
      <Filter>Header Files</Filter>
    </ClInclude>
    <ClInclude Include="libxlsxwriter\include\xlsxwriter\chartsheet.h">
      <Filter>Header Files</Filter>
    </ClInclude>
    <ClInclude Include="libxlsxwriter\include\xlsxwriter\comment.h">
      <Filter>Header Files</Filter>
    </ClInclude>
    <ClInclude Include="libxlsxwriter\include\xlsxwriter\common.h">
      <Filter>Header Files</Filter>
    </ClInclude>
    <ClInclude Include="libxlsxwriter\include\xlsxwriter\content_types.h">
      <Filter>Header Files</Filter>
    </ClInclude>
    <ClInclude Include="libxlsxwriter\include\xlsxwriter\core.h">
      <Filter>Header Files</Filter>
    </ClInclude>
    <ClInclude Include="libxlsxwriter\include\xlsxwriter\custom.h">
      <Filter>Header Files</Filter>
    </ClInclude>
    <ClInclude Include="libxlsxwriter\include\xlsxwriter\drawing.h">
      <Filter>Header Files</Filter>
    </ClInclude>
    <ClInclude Include="libxlsxwriter\include\xlsxwriter\format.h">
      <Filter>Header Files</Filter>
    </ClInclude>
    <ClInclude Include="libxlsxwriter\include\xlsxwriter\hash_table.h">
      <Filter>Header Files</Filter>
    </ClInclude>
    <ClInclude Include="libxlsxwriter\include\xlsxwriter\metadata.h">
      <Filter>Header Files</Filter>
    </ClInclude>
    <ClInclude Include="libxlsxwriter\include\xlsxwriter\packager.h">
      <Filter>Header Files</Filter>
    </ClInclude>
    <ClInclude Include="libxlsxwriter\include\xlsxwriter\relationships.h">
      <Filter>Header Files</Filter>
    </ClInclude>
    <ClInclude Include="libxlsxwriter\include\xlsxwriter\shared_strings.h">
      <Filter>Header Files</Filter>
    </ClInclude>
    <ClInclude Include="libxlsxwriter\include\xlsxwriter\styles.h">
      <Filter>Header Files</Filter>
    </ClInclude>
    <ClInclude Include="libxlsxwriter\include\xlsxwriter\table.h">
      <Filter>Header Files</Filter>
    </ClInclude>
    <ClInclude Include="libxlsxwriter\include\xlsxwriter\theme.h">
      <Filter>Header Files</Filter>
    </ClInclude>
    <ClInclude Include="libxlsxwriter\include\xlsxwriter\third_party\emyg_dtoa.h">
      <Filter>Header Files</Filter>
    </ClInclude>
    <ClInclude Include="libxlsxwriter\include\xlsxwriter\third_party\ioapi.h">
      <Filter>Header Files</Filter>
    </ClInclude>
    <ClInclude Include="libxlsxwriter\include\xlsxwriter\third_party\md5.h">
      <Filter>Header Files</Filter>
    </ClInclude>
    <ClInclude Include="libxlsxwriter\include\xlsxwriter\third_party\queue.h">
      <Filter>Header Files</Filter>
    </ClInclude>
    <ClInclude Include="libxlsxwriter\include\xlsxwriter\third_party\tmpfileplus.h">
      <Filter>Header Files</Filter>
    </ClInclude>
    <ClInclude Include="libxlsxwriter\include\xlsxwriter\third_party\tree.h">
      <Filter>Header Files</Filter>
    </ClInclude>
    <ClInclude Include="libxlsxwriter\include\xlsxwriter\third_party\zip.h">
      <Filter>Header Files</Filter>
    </ClInclude>
    <ClInclude Include="libxlsxwriter\include\xlsxwriter\utility.h">
      <Filter>Header Files</Filter>
    </ClInclude>
    <ClInclude Include="libxlsxwriter\include\xlsxwriter\vml.h">
      <Filter>Header Files</Filter>
    </ClInclude>
    <ClInclude Include="libxlsxwriter\include\xlsxwriter\workbook.h">
      <Filter>Header Files</Filter>
    </ClInclude>
    <ClInclude Include="libxlsxwriter\include\xlsxwriter\worksheet.h">
      <Filter>Header Files</Filter>
    </ClInclude>
    <ClInclude Include="libxlsxwriter\include\xlsxwriter\xmlwriter.h">
      <Filter>Header Files</Filter>
    </ClInclude>
  </ItemGroup>
</Project>